Microsoft Visual Studio Solution File, Format Version 12.00
# Visual Studio Version 17
VisualStudioVersion = 17.1.31903.286
MinimumVisualStudioVersion = 10.0.40219.1
Project("{9A19103F-16F7-4668-BE54-9A1E7A4F7556}") = "Microsoft.Graph.Beta", "src\Microsoft.Graph\Microsoft.Graph.Beta.csproj", "{660FA73B-987D-4085-A230-1B04F7EAEFBC}"
EndProject
Project("{9A19103F-16F7-4668-BE54-9A1E7A4F7556}") = "Microsoft.Graph.DotnetCore.Test", "tests\Microsoft.Graph.DotnetCore.Test\Microsoft.Graph.DotnetCore.Test.csproj", "{15DE269F-3B76-461C-9954-EC2A8FF9B9E8}"
EndProject
Global
	GlobalSection(SolutionConfigurationPlatforms) = preSolution
		Debug|Any CPU = Debug|Any CPU
		Debug|ARM = Debug|ARM
		Debug|x64 = Debug|x64
		Debug|x86 = Debug|x86
		Release|Any CPU = Release|Any CPU
		Release|ARM = Release|ARM
		Release|x64 = Release|x64
		Release|x86 = Release|x86
	EndGlobalSection
	GlobalSection(ProjectConfigurationPlatforms) = postSolution
		{660FA73B-987D-4085-A230-1B04F7EAEFBC}.Debug|Any CPU.ActiveCfg = Debug|Any CPU
		{660FA73B-987D-4085-A230-1B04F7EAEFBC}.Debug|Any CPU.Build.0 = Debug|Any CPU
		{660FA73B-987D-4085-A230-1B04F7EAEFBC}.Debug|ARM.ActiveCfg = Debug|Any CPU
		{660FA73B-987D-4085-A230-1B04F7EAEFBC}.Debug|ARM.Build.0 = Debug|Any CPU
		{660FA73B-987D-4085-A230-1B04F7EAEFBC}.Debug|x64.ActiveCfg = Debug|Any CPU
		{660FA73B-987D-4085-A230-1B04F7EAEFBC}.Debug|x64.Build.0 = Debug|Any CPU
		{660FA73B-987D-4085-A230-1B04F7EAEFBC}.Debug|x86.ActiveCfg = Debug|Any CPU
		{660FA73B-987D-4085-A230-1B04F7EAEFBC}.Debug|x86.Build.0 = Debug|Any CPU
		{660FA73B-987D-4085-A230-1B04F7EAEFBC}.Release|Any CPU.ActiveCfg = Release|Any CPU
		{660FA73B-987D-4085-A230-1B04F7EAEFBC}.Release|Any CPU.Build.0 = Release|Any CPU
		{660FA73B-987D-4085-A230-1B04F7EAEFBC}.Release|ARM.ActiveCfg = Release|Any CPU
		{660FA73B-987D-4085-A230-1B04F7EAEFBC}.Release|ARM.Build.0 = Release|Any CPU
		{660FA73B-987D-4085-A230-1B04F7EAEFBC}.Release|x64.ActiveCfg = Release|Any CPU
		{660FA73B-987D-4085-A230-1B04F7EAEFBC}.Release|x64.Build.0 = Release|Any CPU
		{660FA73B-987D-4085-A230-1B04F7EAEFBC}.Release|x86.ActiveCfg = Release|Any CPU
		{660FA73B-987D-4085-A230-1B04F7EAEFBC}.Release|x86.Build.0 = Release|Any CPU
		{15DE269F-3B76-461C-9954-EC2A8FF9B9E8}.Debug|Any CPU.ActiveCfg = Debug|Any CPU
		{15DE269F-3B76-461C-9954-EC2A8FF9B9E8}.Debug|Any CPU.Build.0 = Debug|Any CPU
		{15DE269F-3B76-461C-9954-EC2A8FF9B9E8}.Debug|ARM.ActiveCfg = Debug|Any CPU
		{15DE269F-3B76-461C-9954-EC2A8FF9B9E8}.Debug|ARM.Build.0 = Debug|Any CPU
		{15DE269F-3B76-461C-9954-EC2A8FF9B9E8}.Debug|x64.ActiveCfg = Debug|Any CPU
		{15DE269F-3B76-461C-9954-EC2A8FF9B9E8}.Debug|x64.Build.0 = Debug|Any CPU
		{15DE269F-3B76-461C-9954-EC2A8FF9B9E8}.Debug|x86.ActiveCfg = Debug|Any CPU
		{15DE269F-3B76-461C-9954-EC2A8FF9B9E8}.Debug|x86.Build.0 = Debug|Any CPU
		{15DE269F-3B76-461C-9954-EC2A8FF9B9E8}.Release|Any CPU.ActiveCfg = Release|Any CPU
		{15DE269F-3B76-461C-9954-EC2A8FF9B9E8}.Release|Any CPU.Build.0 = Release|Any CPU
		{15DE269F-3B76-461C-9954-EC2A8FF9B9E8}.Release|ARM.ActiveCfg = Release|Any CPU
		{15DE269F-3B76-461C-9954-EC2A8FF9B9E8}.Release|ARM.Build.0 = Release|Any CPU
		{15DE269F-3B76-461C-9954-EC2A8FF9B9E8}.Release|x64.ActiveCfg = Release|Any CPU
		{15DE269F-3B76-461C-9954-EC2A8FF9B9E8}.Release|x64.Build.0 = Release|Any CPU
		{15DE269F-3B76-461C-9954-EC2A8FF9B9E8}.Release|x86.ActiveCfg = Release|Any CPU
		{15DE269F-3B76-461C-9954-EC2A8FF9B9E8}.Release|x86.Build.0 = Release|Any CPU
	EndGlobalSection
	GlobalSection(SolutionProperties) = preSolution
		HideSolutionNode = FALSE
	EndGlobalSection
	GlobalSection(ExtensibilityGlobals) = postSolution
		SolutionGuid = {0DB06E6E-58F0-497F-9ECC-00DD03BA9357}
	EndGlobalSection
EndGlobal
